
Microsoft Visual Studio Solution File, Format Version 12.00
# Visual Studio Version 16
VisualStudioVersion = 16.0.30907.101
MinimumVisualStudioVersion = 10.0.40219.1
Project("{FAE04EC0-301F-11D3-BF4B-00C04F79EFBC}") = "EmployeeManagement_AdapterDesignPattern", "EmployeeManagement_AdapterDesignPattern\EmployeeManagement_AdapterDesignPattern.csproj", "{F10DC49D-7675-4BA7-A23E-EADB2961316C}"
EndProject
Global
	GlobalSection(SolutionConfigurationPlatforms) = preSolution
		Debug|Any CPU = Debug|Any CPU
		Release|Any CPU = Release|Any CPU
	EndGlobalSection
	GlobalSection(ProjectConfigurationPlatforms) = postSolution
		{F10DC49D-7675-4BA7-A23E-EADB2961316C}.Debug|Any CPU.ActiveCfg = Debug|Any CPU
		{F10DC49D-7675-4BA7-A23E-EADB2961316C}.Debug|Any CPU.Build.0 = Debug|Any CPU
		{F10DC49D-7675-4BA7-A23E-EADB2961316C}.Release|Any CPU.ActiveCfg = Release|Any CPU
		{F10DC49D-7675-4BA7-A23E-EADB2961316C}.Release|Any CPU.Build.0 = Release|Any CPU
	EndGlobalSection
	GlobalSection(SolutionProperties) = preSolution
		HideSolutionNode = FALSE
	EndGlobalSection
	GlobalSection(ExtensibilityGlobals) = postSolution
		SolutionGuid = {F0D31509-D3C6-425B-9E9E-F5A197ABCDC1}
	EndGlobalSection
EndGlobal
